
Microsoft Visual Studio Solution File, Format Version 12.00
# Visual Studio Version 17
VisualStudioVersion = 17.1.32421.90
MinimumVisualStudioVersion = 10.0.40219.1
Project("{9A19103F-16F7-4668-BE54-9A1E7A4F7556}") = "Shared", "Shared\Shared.csproj", "{1C358CC3-3C27-4E07-B4FD-283A05A8E7D5}"
EndProject
Project("{9A19103F-16F7-4668-BE54-9A1E7A4F7556}") = "RecipeApi", "RecipeApi\RecipeApi.csproj", "{238E2211-B976-4D4F-A493-2546093B99F0}"
EndProject
Project("{9A19103F-16F7-4668-BE54-9A1E7A4F7556}") = "OrderApi", "OrderApi\OrderApi.csproj", "{EEF826E4-A06B-46FB-A148-7F74663B7D54}"
EndProject
Project("{9A19103F-16F7-4668-BE54-9A1E7A4F7556}") = "IngredientApi", "IngredientApi\IngredientApi.csproj", "{D2F14A64-9757-44AA-AB47-F29626EB4575}"
EndProject
Project("{2150E333-8FDC-42A3-9474-1A3956D46DE8}") = "Microservices", "Microservices", "{A3D6C48E-0C26-41C4-8353-700DA6264EB7}"
EndProject
Project("{2150E333-8FDC-42A3-9474-1A3956D46DE8}") = "Tests", "Tests", "{9E6C60BE-BA63-4162-8D70-98E318ED68C7}"
EndProject
Project("{FAE04EC0-301F-11D3-BF4B-00C04F79EFBC}") = "Ingredient.Tests", "Ingredient.Tests\Ingredient.Tests.csproj", "{B224199C-CA9A-4098-9466-B843F487FB6B}"
EndProject
Global
	GlobalSection(SolutionConfigurationPlatforms) = preSolution
		Debug|Any CPU = Debug|Any CPU
		Release|Any CPU = Release|Any CPU
	EndGlobalSection
	GlobalSection(ProjectConfigurationPlatforms) = postSolution
		{1C358CC3-3C27-4E07-B4FD-283A05A8E7D5}.Debug|Any CPU.ActiveCfg = Debug|Any CPU
		{1C358CC3-3C27-4E07-B4FD-283A05A8E7D5}.Debug|Any CPU.Build.0 = Debug|Any CPU
		{1C358CC3-3C27-4E07-B4FD-283A05A8E7D5}.Release|Any CPU.ActiveCfg = Release|Any CPU
		{1C358CC3-3C27-4E07-B4FD-283A05A8E7D5}.Release|Any CPU.Build.0 = Release|Any CPU
		{238E2211-B976-4D4F-A493-2546093B99F0}.Debug|Any CPU.ActiveCfg = Debug|Any CPU
		{238E2211-B976-4D4F-A493-2546093B99F0}.Debug|Any CPU.Build.0 = Debug|Any CPU
		{238E2211-B976-4D4F-A493-2546093B99F0}.Release|Any CPU.ActiveCfg = Release|Any CPU
		{238E2211-B976-4D4F-A493-2546093B99F0}.Release|Any CPU.Build.0 = Release|Any CPU
		{EEF826E4-A06B-46FB-A148-7F74663B7D54}.Debug|Any CPU.ActiveCfg = Debug|Any CPU
		{EEF826E4-A06B-46FB-A148-7F74663B7D54}.Debug|Any CPU.Build.0 = Debug|Any CPU
		{EEF826E4-A06B-46FB-A148-7F74663B7D54}.Release|Any CPU.ActiveCfg = Release|Any CPU
		{EEF826E4-A06B-46FB-A148-7F74663B7D54}.Release|Any CPU.Build.0 = Release|Any CPU
		{D2F14A64-9757-44AA-AB47-F29626EB4575}.Debug|Any CPU.ActiveCfg = Debug|Any CPU
		{D2F14A64-9757-44AA-AB47-F29626EB4575}.Debug|Any CPU.Build.0 = Debug|Any CPU
		{D2F14A64-9757-44AA-AB47-F29626EB4575}.Release|Any CPU.ActiveCfg = Release|Any CPU
		{D2F14A64-9757-44AA-AB47-F29626EB4575}.Release|Any CPU.Build.0 = Release|Any CPU
		{B224199C-CA9A-4098-9466-B843F487FB6B}.Debug|Any CPU.ActiveCfg = Debug|Any CPU
		{B224199C-CA9A-4098-9466-B843F487FB6B}.Debug|Any CPU.Build.0 = Debug|Any CPU
		{B224199C-CA9A-4098-9466-B843F487FB6B}.Release|Any CPU.ActiveCfg = Release|Any CPU
		{B224199C-CA9A-4098-9466-B843F487FB6B}.Release|Any CPU.Build.0 = Release|Any CPU
	EndGlobalSection
	GlobalSection(SolutionProperties) = preSolution
		HideSolutionNode = FALSE
	EndGlobalSection
	GlobalSection(NestedProjects) = preSolution
		{238E2211-B976-4D4F-A493-2546093B99F0} = {A3D6C48E-0C26-41C4-8353-700DA6264EB7}
		{EEF826E4-A06B-46FB-A148-7F74663B7D54} = {A3D6C48E-0C26-41C4-8353-700DA6264EB7}
		{D2F14A64-9757-44AA-AB47-F29626EB4575} = {A3D6C48E-0C26-41C4-8353-700DA6264EB7}
		{B224199C-CA9A-4098-9466-B843F487FB6B} = {9E6C60BE-BA63-4162-8D70-98E318ED68C7}
	EndGlobalSection
	GlobalSection(ExtensibilityGlobals) = postSolution
		SolutionGuid = {41BD0F11-83DF-4844-BEC4-47F56BDCB217}
	EndGlobalSection
EndGlobal
